
Microsoft Visual Studio Solution File, Format Version 12.00
# Visual Studio Version 16
VisualStudioVersion = 16.0.30611.23
MinimumVisualStudioVersion = 10.0.40219.1
Project("{FAE04EC0-301F-11D3-BF4B-00C04F79EFBC}") = "RhinoInside.NX.Core", "RhinoInside.NX.Core\RhinoInside.NX.Core.csproj", "{5B74D4CE-E07D-4A78-8481-D9F1CA87704B}"
EndProject
Project("{FAE04EC0-301F-11D3-BF4B-00C04F79EFBC}") = "RhinoInside.NX.GH", "RhinoInside.NX.GH\RhinoInside.NX.GH.csproj", "{B511DC4D-6F09-4163-975D-1BBB4B434BDD}"
	ProjectSection(ProjectDependencies) = postProject
		{2582835C-7FBF-495A-8DC6-7FEFE8A621EC} = {2582835C-7FBF-495A-8DC6-7FEFE8A621EC}
	EndProjectSection
EndProject
Project("{2150E333-8FDC-42A3-9474-1A3956D46DE8}") = "Solution Items", "Solution Items", "{D2B8BA9E-2083-48E5-B78E-1AC1F7CC30FA}"
	ProjectSection(SolutionItems) = preProject
		README.md = README.md
		README_EN.md = README_EN.md
	EndProjectSection
EndProject
Project("{FAE04EC0-301F-11D3-BF4B-00C04F79EFBC}") = "RhinoInside.NX.Loader", "RhinoInside.NX.Loader\RhinoInside.NX.Loader.csproj", "{2582835C-7FBF-495A-8DC6-7FEFE8A621EC}"
EndProject
Project("{FAE04EC0-301F-11D3-BF4B-00C04F79EFBC}") = "RhinoInside.NX.GH.Loader", "RhinoInside.NX.GH.Loader\RhinoInside.NX.GH.Loader.csproj", "{F4E0FFEC-9223-4817-A363-52A78ED6B6D0}"
EndProject
Project("{FAE04EC0-301F-11D3-BF4B-00C04F79EFBC}") = "RhinoInside.NX.Translator", "RhinoInside.NX.Translator\RhinoInside.NX.Translator.csproj", "{76BD9EF4-D8EE-422F-A505-0B0BDAFD7702}"
EndProject
Project("{FAE04EC0-301F-11D3-BF4B-00C04F79EFBC}") = "RhinoInside.NX.Extensions", "RhinoInside.NX.Extensions\RhinoInside.NX.Extensions.csproj", "{50F50200-A967-4BE5-932C-2D4A82569CFC}"
EndProject
Project("{FAE04EC0-301F-11D3-BF4B-00C04F79EFBC}") = "RhinoInside.NX Starter", "RhinoInside.NX Starter\RhinoInside.NX Starter.csproj", "{23D668FB-4116-4868-8274-87560FC5C5B0}"
EndProject
Global
	GlobalSection(SolutionConfigurationPlatforms) = preSolution
		NX1872|x64 = NX1872|x64
		NX1953|x64 = NX1953|x64
		NX1980|x64 = NX1980|x64
	EndGlobalSection
	GlobalSection(ProjectConfigurationPlatforms) = postSolution
		{5B74D4CE-E07D-4A78-8481-D9F1CA87704B}.NX1872|x64.ActiveCfg = NX1872|x64
		{5B74D4CE-E07D-4A78-8481-D9F1CA87704B}.NX1872|x64.Build.0 = NX1872|x64
		{5B74D4CE-E07D-4A78-8481-D9F1CA87704B}.NX1953|x64.ActiveCfg = NX1953|x64
		{5B74D4CE-E07D-4A78-8481-D9F1CA87704B}.NX1953|x64.Build.0 = NX1953|x64
		{5B74D4CE-E07D-4A78-8481-D9F1CA87704B}.NX1980|x64.ActiveCfg = NX1980|x64
		{5B74D4CE-E07D-4A78-8481-D9F1CA87704B}.NX1980|x64.Build.0 = NX1980|x64
		{B511DC4D-6F09-4163-975D-1BBB4B434BDD}.NX1872|x64.ActiveCfg = NX1872|x64
		{B511DC4D-6F09-4163-975D-1BBB4B434BDD}.NX1872|x64.Build.0 = NX1872|x64
		{B511DC4D-6F09-4163-975D-1BBB4B434BDD}.NX1953|x64.ActiveCfg = NX1953|x64
		{B511DC4D-6F09-4163-975D-1BBB4B434BDD}.NX1953|x64.Build.0 = NX1953|x64
		{B511DC4D-6F09-4163-975D-1BBB4B434BDD}.NX1980|x64.ActiveCfg = NX1980|x64
		{B511DC4D-6F09-4163-975D-1BBB4B434BDD}.NX1980|x64.Build.0 = NX1980|x64
		{2582835C-7FBF-495A-8DC6-7FEFE8A621EC}.NX1872|x64.ActiveCfg = NX1872|x64
		{2582835C-7FBF-495A-8DC6-7FEFE8A621EC}.NX1872|x64.Build.0 = NX1872|x64
		{2582835C-7FBF-495A-8DC6-7FEFE8A621EC}.NX1953|x64.ActiveCfg = NX1953|x64
		{2582835C-7FBF-495A-8DC6-7FEFE8A621EC}.NX1953|x64.Build.0 = NX1953|x64
		{2582835C-7FBF-495A-8DC6-7FEFE8A621EC}.NX1980|x64.ActiveCfg = NX1980|x64
		{2582835C-7FBF-495A-8DC6-7FEFE8A621EC}.NX1980|x64.Build.0 = NX1980|x64
		{F4E0FFEC-9223-4817-A363-52A78ED6B6D0}.NX1872|x64.ActiveCfg = NX1872|x64
		{F4E0FFEC-9223-4817-A363-52A78ED6B6D0}.NX1872|x64.Build.0 = NX1872|x64
		{F4E0FFEC-9223-4817-A363-52A78ED6B6D0}.NX1953|x64.ActiveCfg = NX1953|x64
		{F4E0FFEC-9223-4817-A363-52A78ED6B6D0}.NX1953|x64.Build.0 = NX1953|x64
		{F4E0FFEC-9223-4817-A363-52A78ED6B6D0}.NX1980|x64.ActiveCfg = NX1980|x64
		{F4E0FFEC-9223-4817-A363-52A78ED6B6D0}.NX1980|x64.Build.0 = NX1980|x64
		{76BD9EF4-D8EE-422F-A505-0B0BDAFD7702}.NX1872|x64.ActiveCfg = NX1872|x64
		{76BD9EF4-D8EE-422F-A505-0B0BDAFD7702}.NX1872|x64.Build.0 = NX1872|x64
		{76BD9EF4-D8EE-422F-A505-0B0BDAFD7702}.NX1953|x64.ActiveCfg = NX1953|x64
		{76BD9EF4-D8EE-422F-A505-0B0BDAFD7702}.NX1953|x64.Build.0 = NX1953|x64
		{76BD9EF4-D8EE-422F-A505-0B0BDAFD7702}.NX1980|x64.ActiveCfg = NX1980|x64
		{76BD9EF4-D8EE-422F-A505-0B0BDAFD7702}.NX1980|x64.Build.0 = NX1980|x64
		{50F50200-A967-4BE5-932C-2D4A82569CFC}.NX1872|x64.ActiveCfg = NX1872|x64
		{50F50200-A967-4BE5-932C-2D4A82569CFC}.NX1872|x64.Build.0 = NX1872|x64
		{50F50200-A967-4BE5-932C-2D4A82569CFC}.NX1953|x64.ActiveCfg = NX1953|x64
		{50F50200-A967-4BE5-932C-2D4A82569CFC}.NX1953|x64.Build.0 = NX1953|x64
		{50F50200-A967-4BE5-932C-2D4A82569CFC}.NX1980|x64.ActiveCfg = NX1980|x64
		{50F50200-A967-4BE5-932C-2D4A82569CFC}.NX1980|x64.Build.0 = NX1980|x64
		{23D668FB-4116-4868-8274-87560FC5C5B0}.NX1872|x64.ActiveCfg = NX1872|x64
		{23D668FB-4116-4868-8274-87560FC5C5B0}.NX1872|x64.Build.0 = NX1872|x64
		{23D668FB-4116-4868-8274-87560FC5C5B0}.NX1953|x64.ActiveCfg = NX1872|x64
		{23D668FB-4116-4868-8274-87560FC5C5B0}.NX1953|x64.Build.0 = NX1872|x64
		{23D668FB-4116-4868-8274-87560FC5C5B0}.NX1980|x64.ActiveCfg = NX1872|x64
		{23D668FB-4116-4868-8274-87560FC5C5B0}.NX1980|x64.Build.0 = NX1872|x64
	EndGlobalSection
	GlobalSection(SolutionProperties) = preSolution
		HideSolutionNode = FALSE
	EndGlobalSection
	GlobalSection(ExtensibilityGlobals) = postSolution
		SolutionGuid = {D6F117E5-50CB-4D86-ADB1-9B6ABB914D13}
	EndGlobalSection
EndGlobal
